
Microsoft Visual Studio Solution File, Format Version 12.00
# Visual Studio Version 16
VisualStudioVersion = 16.0.30104.148
MinimumVisualStudioVersion = 10.0.40219.1
Project("{FAE04EC0-301F-11D3-BF4B-00C04F79EFBC}") = "split-file", "split-file.csproj", "{99CA213F-BFE9-4D21-941A-71B043A6FDE9}"
EndProject
Global
	GlobalSection(SolutionConfigurationPlatforms) = preSolution
		Debug|Any CPU = Debug|Any CPU
		Release|Any CPU = Release|Any CPU
	EndGlobalSection
	GlobalSection(ProjectConfigurationPlatforms) = postSolution
		{99CA213F-BFE9-4D21-941A-71B043A6FDE9}.Debug|Any CPU.ActiveCfg = Debug|Any CPU
		{99CA213F-BFE9-4D21-941A-71B043A6FDE9}.Debug|Any CPU.Build.0 = Debug|Any CPU
		{99CA213F-BFE9-4D21-941A-71B043A6FDE9}.Release|Any CPU.ActiveCfg = Release|Any CPU
		{99CA213F-BFE9-4D21-941A-71B043A6FDE9}.Release|Any CPU.Build.0 = Release|Any CPU
	EndGlobalSection
	GlobalSection(SolutionProperties) = preSolution
		HideSolutionNode = FALSE
	EndGlobalSection
	GlobalSection(ExtensibilityGlobals) = postSolution
		SolutionGuid = {5FB6912D-F966-4A72-B190-9E2EF2B69CA1}
	EndGlobalSection
EndGlobal
